
Microsoft Visual Studio Solution File, Format Version 12.00
# Visual Studio 14
VisualStudioVersion = 14.0.25420.1
MinimumVisualStudioVersion = 10.0.40219.1
Project("{2150E333-8FDC-42A3-9474-1A3956D46DE8}") = "src", "src", "{948DBB07-8D6A-42C2-9228-4953DD917280}"
EndProject
Project("{2150E333-8FDC-42A3-9474-1A3956D46DE8}") = "tests", "tests", "{7691CB4F-D19B-471D-B55B-633FF904C353}"
EndProject
Project("{8BB2217D-0F2D-49D1-97BC-3654ED321F3B}") = "FreecraftCore.Network.Pipeline.API", "src\FreecraftCore.Network.Pipeline.API\FreecraftCore.Network.Pipeline.API.xproj", "{CFE8BAD2-1F4F-4706-A14B-27D234924F97}"
EndProject
Project("{8BB2217D-0F2D-49D1-97BC-3654ED321F3B}") = "FreecraftCore.Network.Pipeline.Generic", "src\FreecraftCore.Network.Pipeline.Generic\FreecraftCore.Network.Pipeline.Generic.xproj", "{FFEC70A1-4C09-4A64-ABF8-9BCCED4B736F}"
EndProject
Project("{8BB2217D-0F2D-49D1-97BC-3654ED321F3B}") = "FreecraftCore.Network.Pipeline.Auth", "src\FreecraftCore.Network.Pipeline.Auth\FreecraftCore.Network.Pipeline.Auth.xproj", "{AC3D8686-3A97-4A95-BB70-13409ECADF24}"
EndProject
Project("{8BB2217D-0F2D-49D1-97BC-3654ED321F3B}") = "FreecraftCore.Network.Common", "src\FreecraftCore.Network.Common\FreecraftCore.Network.Common.xproj", "{B1C371C1-4C63-486A-A5BA-E5C9339AD76C}"
EndProject
Project("{8BB2217D-0F2D-49D1-97BC-3654ED321F3B}") = "FreecraftCore.Network.Routing.Auth", "src\FreecraftCore.Network.Routing.Auth\FreecraftCore.Network.Routing.Auth.xproj", "{30538561-7E5B-4BA2-AD39-143895269804}"
EndProject
Project("{8BB2217D-0F2D-49D1-97BC-3654ED321F3B}") = "FreecraftCore.Network.Routing", "src\FreecraftCore.Network.Routing\FreecraftCore.Network.Routing.xproj", "{02156992-39D2-446B-9FEA-CCDF9A370578}"
EndProject
Project("{8BB2217D-0F2D-49D1-97BC-3654ED321F3B}") = "FreecraftCore.Network.Pipeline.Game", "src\FreecraftCore.Network.Pipeline.Game\FreecraftCore.Network.Pipeline.Game.xproj", "{1F6E6347-5DC7-4F20-BF56-1E3B45E6F1D8}"
EndProject
Global
	GlobalSection(SolutionConfigurationPlatforms) = preSolution
		Debug|Any CPU = Debug|Any CPU
		Release|Any CPU = Release|Any CPU
	EndGlobalSection
	GlobalSection(ProjectConfigurationPlatforms) = postSolution
		{CFE8BAD2-1F4F-4706-A14B-27D234924F97}.Debug|Any CPU.ActiveCfg = Debug|Any CPU
		{CFE8BAD2-1F4F-4706-A14B-27D234924F97}.Debug|Any CPU.Build.0 = Debug|Any CPU
		{CFE8BAD2-1F4F-4706-A14B-27D234924F97}.Release|Any CPU.ActiveCfg = Release|Any CPU
		{CFE8BAD2-1F4F-4706-A14B-27D234924F97}.Release|Any CPU.Build.0 = Release|Any CPU
		{FFEC70A1-4C09-4A64-ABF8-9BCCED4B736F}.Debug|Any CPU.ActiveCfg = Debug|Any CPU
		{FFEC70A1-4C09-4A64-ABF8-9BCCED4B736F}.Debug|Any CPU.Build.0 = Debug|Any CPU
		{FFEC70A1-4C09-4A64-ABF8-9BCCED4B736F}.Release|Any CPU.ActiveCfg = Release|Any CPU
		{FFEC70A1-4C09-4A64-ABF8-9BCCED4B736F}.Release|Any CPU.Build.0 = Release|Any CPU
		{AC3D8686-3A97-4A95-BB70-13409ECADF24}.Debug|Any CPU.ActiveCfg = Debug|Any CPU
		{AC3D8686-3A97-4A95-BB70-13409ECADF24}.Debug|Any CPU.Build.0 = Debug|Any CPU
		{AC3D8686-3A97-4A95-BB70-13409ECADF24}.Release|Any CPU.ActiveCfg = Release|Any CPU
		{AC3D8686-3A97-4A95-BB70-13409ECADF24}.Release|Any CPU.Build.0 = Release|Any CPU
		{B1C371C1-4C63-486A-A5BA-E5C9339AD76C}.Debug|Any CPU.ActiveCfg = Debug|Any CPU
		{B1C371C1-4C63-486A-A5BA-E5C9339AD76C}.Debug|Any CPU.Build.0 = Debug|Any CPU
		{B1C371C1-4C63-486A-A5BA-E5C9339AD76C}.Release|Any CPU.ActiveCfg = Release|Any CPU
		{B1C371C1-4C63-486A-A5BA-E5C9339AD76C}.Release|Any CPU.Build.0 = Release|Any CPU
		{30538561-7E5B-4BA2-AD39-143895269804}.Debug|Any CPU.ActiveCfg = Debug|Any CPU
		{30538561-7E5B-4BA2-AD39-143895269804}.Debug|Any CPU.Build.0 = Debug|Any CPU
		{30538561-7E5B-4BA2-AD39-143895269804}.Release|Any CPU.ActiveCfg = Release|Any CPU
		{30538561-7E5B-4BA2-AD39-143895269804}.Release|Any CPU.Build.0 = Release|Any CPU
		{02156992-39D2-446B-9FEA-CCDF9A370578}.Debug|Any CPU.ActiveCfg = Debug|Any CPU
		{02156992-39D2-446B-9FEA-CCDF9A370578}.Debug|Any CPU.Build.0 = Debug|Any CPU
		{02156992-39D2-446B-9FEA-CCDF9A370578}.Release|Any CPU.ActiveCfg = Release|Any CPU
		{02156992-39D2-446B-9FEA-CCDF9A370578}.Release|Any CPU.Build.0 = Release|Any CPU
		{1F6E6347-5DC7-4F20-BF56-1E3B45E6F1D8}.Debug|Any CPU.ActiveCfg = Debug|Any CPU
		{1F6E6347-5DC7-4F20-BF56-1E3B45E6F1D8}.Debug|Any CPU.Build.0 = Debug|Any CPU
		{1F6E6347-5DC7-4F20-BF56-1E3B45E6F1D8}.Release|Any CPU.ActiveCfg = Release|Any CPU
		{1F6E6347-5DC7-4F20-BF56-1E3B45E6F1D8}.Release|Any CPU.Build.0 = Release|Any CPU
	EndGlobalSection
	GlobalSection(SolutionProperties) = preSolution
		HideSolutionNode = FALSE
	EndGlobalSection
	GlobalSection(NestedProjects) = preSolution
		{CFE8BAD2-1F4F-4706-A14B-27D234924F97} = {948DBB07-8D6A-42C2-9228-4953DD917280}
		{FFEC70A1-4C09-4A64-ABF8-9BCCED4B736F} = {948DBB07-8D6A-42C2-9228-4953DD917280}
		{AC3D8686-3A97-4A95-BB70-13409ECADF24} = {948DBB07-8D6A-42C2-9228-4953DD917280}
		{B1C371C1-4C63-486A-A5BA-E5C9339AD76C} = {948DBB07-8D6A-42C2-9228-4953DD917280}
		{30538561-7E5B-4BA2-AD39-143895269804} = {948DBB07-8D6A-42C2-9228-4953DD917280}
		{02156992-39D2-446B-9FEA-CCDF9A370578} = {948DBB07-8D6A-42C2-9228-4953DD917280}
		{1F6E6347-5DC7-4F20-BF56-1E3B45E6F1D8} = {948DBB07-8D6A-42C2-9228-4953DD917280}
	EndGlobalSection
EndGlobal
