
Microsoft Visual Studio Solution File, Format Version 12.00
# Visual Studio 14
VisualStudioVersion = 14.0.25420.1
MinimumVisualStudioVersion = 10.0.40219.1
Project("{2150E333-8FDC-42A3-9474-1A3956D46DE8}") = "tests", "tests", "{2E903AB5-E882-49A7-A612-FCCB9F11D540}"
EndProject
Project("{2150E333-8FDC-42A3-9474-1A3956D46DE8}") = "src", "src", "{C69D878A-A37C-4DBD-8D90-8AF30074E3C0}"
EndProject
Project("{8BB2217D-0F2D-49D1-97BC-3654ED321F3B}") = "FreecraftCore.Packet.Common", "src\FreecraftCore.Packet.Common\FreecraftCore.Packet.Common.xproj", "{9EF082B7-EB0B-417F-8645-D3EA6DC9F6F5}"
EndProject
Project("{8BB2217D-0F2D-49D1-97BC-3654ED321F3B}") = "FreecraftCore.Packet.Auth", "src\FreecraftCore.Packet.Auth\FreecraftCore.Packet.Auth.xproj", "{D4C18270-50F9-414A-9B04-33D55DEB9427}"
EndProject
Project("{8BB2217D-0F2D-49D1-97BC-3654ED321F3B}") = "FreecraftCore.Packet.Game.Common", "src\FreecraftCore.Packet.Game.Common\FreecraftCore.Packet.Game.Common.xproj", "{64E44546-2EBA-4D7B-9CE0-92D307273EED}"
EndProject
Project("{8BB2217D-0F2D-49D1-97BC-3654ED321F3B}") = "FreecraftCore.Packet.Game.Client", "src\FreecraftCore.Packet.Game.Client\FreecraftCore.Packet.Game.Client.xproj", "{49D9758C-BEA5-4456-A57D-A6D1BE90F42C}"
EndProject
Project("{2150E333-8FDC-42A3-9474-1A3956D46DE8}") = "Game", "Game", "{7D83CC78-163E-4D56-B6EF-5CC62773D41D}"
EndProject
Project("{8BB2217D-0F2D-49D1-97BC-3654ED321F3B}") = "FreecraftCore.Packet.Game.Auth", "src\FreecraftCore.Packet.Game.Auth\FreecraftCore.Packet.Game.Auth.xproj", "{42B81EE4-2EE1-41D8-8E3B-49ACE6B19DA3}"
EndProject
Project("{8BB2217D-0F2D-49D1-97BC-3654ED321F3B}") = "FreecraftCore.Packet.Game.Warden", "src\FreecraftCore.Packet.Game.Warden\FreecraftCore.Packet.Game.Warden.xproj", "{CF1C86F0-B79A-4F72-B4C5-3629E179407C}"
EndProject
Global
	GlobalSection(SolutionConfigurationPlatforms) = preSolution
		Debug|Any CPU = Debug|Any CPU
		Release|Any CPU = Release|Any CPU
	EndGlobalSection
	GlobalSection(ProjectConfigurationPlatforms) = postSolution
		{9EF082B7-EB0B-417F-8645-D3EA6DC9F6F5}.Debug|Any CPU.ActiveCfg = Debug|Any CPU
		{9EF082B7-EB0B-417F-8645-D3EA6DC9F6F5}.Debug|Any CPU.Build.0 = Debug|Any CPU
		{9EF082B7-EB0B-417F-8645-D3EA6DC9F6F5}.Release|Any CPU.ActiveCfg = Release|Any CPU
		{9EF082B7-EB0B-417F-8645-D3EA6DC9F6F5}.Release|Any CPU.Build.0 = Release|Any CPU
		{D4C18270-50F9-414A-9B04-33D55DEB9427}.Debug|Any CPU.ActiveCfg = Debug|Any CPU
		{D4C18270-50F9-414A-9B04-33D55DEB9427}.Debug|Any CPU.Build.0 = Debug|Any CPU
		{D4C18270-50F9-414A-9B04-33D55DEB9427}.Release|Any CPU.ActiveCfg = Release|Any CPU
		{D4C18270-50F9-414A-9B04-33D55DEB9427}.Release|Any CPU.Build.0 = Release|Any CPU
		{64E44546-2EBA-4D7B-9CE0-92D307273EED}.Debug|Any CPU.ActiveCfg = Debug|Any CPU
		{64E44546-2EBA-4D7B-9CE0-92D307273EED}.Debug|Any CPU.Build.0 = Debug|Any CPU
		{64E44546-2EBA-4D7B-9CE0-92D307273EED}.Release|Any CPU.ActiveCfg = Release|Any CPU
		{64E44546-2EBA-4D7B-9CE0-92D307273EED}.Release|Any CPU.Build.0 = Release|Any CPU
		{49D9758C-BEA5-4456-A57D-A6D1BE90F42C}.Debug|Any CPU.ActiveCfg = Debug|Any CPU
		{49D9758C-BEA5-4456-A57D-A6D1BE90F42C}.Debug|Any CPU.Build.0 = Debug|Any CPU
		{49D9758C-BEA5-4456-A57D-A6D1BE90F42C}.Release|Any CPU.ActiveCfg = Release|Any CPU
		{49D9758C-BEA5-4456-A57D-A6D1BE90F42C}.Release|Any CPU.Build.0 = Release|Any CPU
		{42B81EE4-2EE1-41D8-8E3B-49ACE6B19DA3}.Debug|Any CPU.ActiveCfg = Debug|Any CPU
		{42B81EE4-2EE1-41D8-8E3B-49ACE6B19DA3}.Debug|Any CPU.Build.0 = Debug|Any CPU
		{42B81EE4-2EE1-41D8-8E3B-49ACE6B19DA3}.Release|Any CPU.ActiveCfg = Release|Any CPU
		{42B81EE4-2EE1-41D8-8E3B-49ACE6B19DA3}.Release|Any CPU.Build.0 = Release|Any CPU
		{CF1C86F0-B79A-4F72-B4C5-3629E179407C}.Debug|Any CPU.ActiveCfg = Debug|Any CPU
		{CF1C86F0-B79A-4F72-B4C5-3629E179407C}.Debug|Any CPU.Build.0 = Debug|Any CPU
		{CF1C86F0-B79A-4F72-B4C5-3629E179407C}.Release|Any CPU.ActiveCfg = Release|Any CPU
		{CF1C86F0-B79A-4F72-B4C5-3629E179407C}.Release|Any CPU.Build.0 = Release|Any CPU
	EndGlobalSection
	GlobalSection(SolutionProperties) = preSolution
		HideSolutionNode = FALSE
	EndGlobalSection
	GlobalSection(NestedProjects) = preSolution
		{9EF082B7-EB0B-417F-8645-D3EA6DC9F6F5} = {C69D878A-A37C-4DBD-8D90-8AF30074E3C0}
		{D4C18270-50F9-414A-9B04-33D55DEB9427} = {C69D878A-A37C-4DBD-8D90-8AF30074E3C0}
		{64E44546-2EBA-4D7B-9CE0-92D307273EED} = {7D83CC78-163E-4D56-B6EF-5CC62773D41D}
		{49D9758C-BEA5-4456-A57D-A6D1BE90F42C} = {7D83CC78-163E-4D56-B6EF-5CC62773D41D}
		{7D83CC78-163E-4D56-B6EF-5CC62773D41D} = {C69D878A-A37C-4DBD-8D90-8AF30074E3C0}
		{42B81EE4-2EE1-41D8-8E3B-49ACE6B19DA3} = {7D83CC78-163E-4D56-B6EF-5CC62773D41D}
		{CF1C86F0-B79A-4F72-B4C5-3629E179407C} = {7D83CC78-163E-4D56-B6EF-5CC62773D41D}
	EndGlobalSection
EndGlobal
