
Microsoft Visual Studio Solution File, Format Version 12.00
# Visual Studio 15
VisualStudioVersion = 15.0.26730.8
MinimumVisualStudioVersion = 10.0.40219.1
Project("{2150E333-8FDC-42A3-9474-1A3956D46DE8}") = "tests", "tests", "{2E903AB5-E882-49A7-A612-FCCB9F11D540}"
EndProject
Project("{2150E333-8FDC-42A3-9474-1A3956D46DE8}") = "src", "src", "{C69D878A-A37C-4DBD-8D90-8AF30074E3C0}"
EndProject
Project("{9A19103F-16F7-4668-BE54-9A1E7A4F7556}") = "FreecraftCore.API.Common.Addon", "src\FreecraftCore.API.Common.Addon\FreecraftCore.API.Common.Addon.csproj", "{87D4C146-AD22-466B-991E-26C355C9FB76}"
EndProject
Project("{9A19103F-16F7-4668-BE54-9A1E7A4F7556}") = "FreecraftCore.API.Common.Auth", "src\FreecraftCore.API.Common.Auth\FreecraftCore.API.Common.Auth.csproj", "{8579CD34-8B4F-4578-AC53-1EA46A92A67E}"
EndProject
Project("{9A19103F-16F7-4668-BE54-9A1E7A4F7556}") = "FreecraftCore.API.Common.Character", "src\FreecraftCore.API.Common.Character\FreecraftCore.API.Common.Character.csproj", "{737E3BEB-47FA-43EA-8236-198151AA6758}"
EndProject
Project("{9A19103F-16F7-4668-BE54-9A1E7A4F7556}") = "FreecraftCore.API.Common.Chat", "src\FreecraftCore.API.Common.Chat\FreecraftCore.API.Common.Chat.csproj", "{DAD069F0-4810-4F0C-8522-EA4AD0C499FD}"
EndProject
Project("{9A19103F-16F7-4668-BE54-9A1E7A4F7556}") = "FreecraftCore.API.Common.Core", "src\FreecraftCore.API.Common.Core\FreecraftCore.API.Common.Core.csproj", "{6FFA57D5-A090-4D52-9D70-22D2CBDD00B1}"
EndProject
Project("{9A19103F-16F7-4668-BE54-9A1E7A4F7556}") = "FreecraftCore.API.Common.Entity.Identity", "src\FreecraftCore.API.Common.Entity.Identity\FreecraftCore.API.Common.Entity.Identity.csproj", "{D2FF6BD2-9756-4B05-B141-0847BBD15B78}"
EndProject
Project("{9A19103F-16F7-4668-BE54-9A1E7A4F7556}") = "FreecraftCore.API.Common.Movement", "src\FreecraftCore.API.Common.Movement\FreecraftCore.API.Common.Movement.csproj", "{852D88E2-28DD-44C9-AFD2-CFEB7A55DC77}"
EndProject
Project("{9A19103F-16F7-4668-BE54-9A1E7A4F7556}") = "FreecraftCore.API.Common.Warden", "src\FreecraftCore.API.Common.Warden\FreecraftCore.API.Common.Warden.csproj", "{AB6F1E0F-2931-4DDA-9886-10D565D5AEFB}"
EndProject
Project("{2150E333-8FDC-42A3-9474-1A3956D46DE8}") = "API", "API", "{C5D14933-7D5B-4185-9B9F-38AB1A8A40E6}"
EndProject
Project("{2150E333-8FDC-42A3-9474-1A3956D46DE8}") = "Packet", "Packet", "{64D61A43-6570-4F17-BE2D-78CFF756EC24}"
EndProject
Project("{9A19103F-16F7-4668-BE54-9A1E7A4F7556}") = "FreecraftCore.Packet.Game.Chat", "src\FreecraftCore.Packet.Game.Chat\FreecraftCore.Packet.Game.Chat.csproj", "{17C51F98-933B-49BA-8092-9E07D2306285}"
EndProject
Project("{9A19103F-16F7-4668-BE54-9A1E7A4F7556}") = "FreecraftCore.Packet.Game.Client", "src\FreecraftCore.Packet.Game.Client\FreecraftCore.Packet.Game.Client.csproj", "{5A85264F-DB9D-40A1-BF48-FBDF96CBE806}"
EndProject
Project("{9A19103F-16F7-4668-BE54-9A1E7A4F7556}") = "FreecraftCore.Packet.Game.Common", "src\FreecraftCore.Packet.Game.Common\FreecraftCore.Packet.Game.Common.csproj", "{976086DF-2FC5-41A8-9949-36E934DE7B50}"
EndProject
Project("{9A19103F-16F7-4668-BE54-9A1E7A4F7556}") = "FreecraftCore.Packet.Game.Core", "src\FreecraftCore.Packet.Game.Core\FreecraftCore.Packet.Game.Core.csproj", "{1470BF8F-1579-4445-AF8F-F3EAF4066208}"
EndProject
Project("{9A19103F-16F7-4668-BE54-9A1E7A4F7556}") = "FreecraftCore.Packet.Game.Warden", "src\FreecraftCore.Packet.Game.Warden\FreecraftCore.Packet.Game.Warden.csproj", "{2298E1B3-5E4E-4EA8-8E7E-271DAE4E69AC}"
EndProject
Project("{9A19103F-16F7-4668-BE54-9A1E7A4F7556}") = "FreecraftCore.Packet.Auth", "src\FreecraftCore.Packet.Auth\FreecraftCore.Packet.Auth.csproj", "{FE9B9306-281B-4134-AA8F-B995F6098B91}"
EndProject
Project("{9A19103F-16F7-4668-BE54-9A1E7A4F7556}") = "FreecraftCore.Packet.Common", "src\FreecraftCore.Packet.Common\FreecraftCore.Packet.Common.csproj", "{EB22A6AE-5098-40CD-9A58-EF989075FB22}"
EndProject
Project("{9A19103F-16F7-4668-BE54-9A1E7A4F7556}") = "FreecraftCore.Packet.Game.Auth", "src\FreecraftCore.Packet.Game.Auth\FreecraftCore.Packet.Game.Auth.csproj", "{80529BA6-79CA-46C3-820F-91195BAF4861}"
EndProject
Project("{9A19103F-16F7-4668-BE54-9A1E7A4F7556}") = "FreecraftCore.Packet.Game.CharacterScreen", "src\FreecraftCore.Packet.Game.CharacterScreen\FreecraftCore.Packet.Game.CharacterScreen.csproj", "{BF78F38B-C142-4223-96AB-AD5A990155B9}"
EndProject
Project("{2150E333-8FDC-42A3-9474-1A3956D46DE8}") = "Crypto", "Crypto", "{0AD22DB5-C13F-4337-90FB-B68279786457}"
EndProject
Project("{9A19103F-16F7-4668-BE54-9A1E7A4F7556}") = "FreecraftCore.Crypto.BigInteger", "src\FreecraftCore.Crypto.BigInteger\FreecraftCore.Crypto.BigInteger.csproj", "{9B65D1B2-F81E-4A8B-9F7B-6343D7F3E4CC}"
EndProject
Project("{9A19103F-16F7-4668-BE54-9A1E7A4F7556}") = "FreecraftCore.Crypto.Common", "src\FreecraftCore.Crypto.Common\FreecraftCore.Crypto.Common.csproj", "{721B7FFE-B749-4569-8CB4-A00C63E65F36}"
EndProject
Project("{9A19103F-16F7-4668-BE54-9A1E7A4F7556}") = "FreecraftCore.Crypto.Packet", "src\FreecraftCore.Crypto.Packet\FreecraftCore.Crypto.Packet.csproj", "{2AEA3878-BB22-466D-8DB0-BB6CC3FC815A}"
EndProject
Project("{9A19103F-16F7-4668-BE54-9A1E7A4F7556}") = "FreecraftCore.Crypto.RC4", "src\FreecraftCore.Crypto.RC4\FreecraftCore.Crypto.RC4.csproj", "{62B0B88C-EE7B-499B-BAB0-29A64546A908}"
EndProject
Project("{9A19103F-16F7-4668-BE54-9A1E7A4F7556}") = "FreecraftCore.Crypto.Session", "src\FreecraftCore.Crypto.Session\FreecraftCore.Crypto.Session.csproj", "{DBF98E45-0656-4892-B9F5-4993FF3335AF}"
EndProject
Project("{9A19103F-16F7-4668-BE54-9A1E7A4F7556}") = "FreecraftCore.Crypto.SRP6", "src\FreecraftCore.Crypto.SRP6\FreecraftCore.Crypto.SRP6.csproj", "{D42780F4-B34E-4597-883E-114F8C915BE1}"
EndProject
Project("{9A19103F-16F7-4668-BE54-9A1E7A4F7556}") = "FreecraftCore.Crypto.Stream", "src\FreecraftCore.Crypto.Stream\FreecraftCore.Crypto.Stream.csproj", "{BABC0403-BE4B-476C-99B2-C9592AC8C8D5}"
EndProject
Project("{FAE04EC0-301F-11D3-BF4B-00C04F79EFBC}") = "ARC4.ThirdParty.Tests", "tests\ARC4.ThirdParty.Tests\ARC4.ThirdParty.Tests.csproj", "{B81EBB25-9A20-4699-9C7B-A9A4A1A6EC66}"
EndProject
Project("{FAE04EC0-301F-11D3-BF4B-00C04F79EFBC}") = "FreecraftCore.Serialization.Tests", "tests\FreecraftCore.Serialization.Tests\FreecraftCore.Serialization.Tests.csproj", "{71D7A3B0-9AE2-4F22-9C63-542709BD507A}"
EndProject
Project("{FAE04EC0-301F-11D3-BF4B-00C04F79EFBC}") = "Authentication.TestClient", "tests\Authentication.TestClient\Authentication.TestClient.csproj", "{87A8364A-74E6-4A71-8A88-1A4178CE9C02}"
EndProject
Global
	GlobalSection(SolutionConfigurationPlatforms) = preSolution
		Debug|Any CPU = Debug|Any CPU
		Release|Any CPU = Release|Any CPU
	EndGlobalSection
	GlobalSection(ProjectConfigurationPlatforms) = postSolution
		{87D4C146-AD22-466B-991E-26C355C9FB76}.Debug|Any CPU.ActiveCfg = Debug|Any CPU
		{87D4C146-AD22-466B-991E-26C355C9FB76}.Debug|Any CPU.Build.0 = Debug|Any CPU
		{87D4C146-AD22-466B-991E-26C355C9FB76}.Release|Any CPU.ActiveCfg = Release|Any CPU
		{87D4C146-AD22-466B-991E-26C355C9FB76}.Release|Any CPU.Build.0 = Release|Any CPU
		{8579CD34-8B4F-4578-AC53-1EA46A92A67E}.Debug|Any CPU.ActiveCfg = Debug|Any CPU
		{8579CD34-8B4F-4578-AC53-1EA46A92A67E}.Debug|Any CPU.Build.0 = Debug|Any CPU
		{8579CD34-8B4F-4578-AC53-1EA46A92A67E}.Release|Any CPU.ActiveCfg = Release|Any CPU
		{8579CD34-8B4F-4578-AC53-1EA46A92A67E}.Release|Any CPU.Build.0 = Release|Any CPU
		{737E3BEB-47FA-43EA-8236-198151AA6758}.Debug|Any CPU.ActiveCfg = Debug|Any CPU
		{737E3BEB-47FA-43EA-8236-198151AA6758}.Debug|Any CPU.Build.0 = Debug|Any CPU
		{737E3BEB-47FA-43EA-8236-198151AA6758}.Release|Any CPU.ActiveCfg = Release|Any CPU
		{737E3BEB-47FA-43EA-8236-198151AA6758}.Release|Any CPU.Build.0 = Release|Any CPU
		{DAD069F0-4810-4F0C-8522-EA4AD0C499FD}.Debug|Any CPU.ActiveCfg = Debug|Any CPU
		{DAD069F0-4810-4F0C-8522-EA4AD0C499FD}.Debug|Any CPU.Build.0 = Debug|Any CPU
		{DAD069F0-4810-4F0C-8522-EA4AD0C499FD}.Release|Any CPU.ActiveCfg = Release|Any CPU
		{DAD069F0-4810-4F0C-8522-EA4AD0C499FD}.Release|Any CPU.Build.0 = Release|Any CPU
		{6FFA57D5-A090-4D52-9D70-22D2CBDD00B1}.Debug|Any CPU.ActiveCfg = Debug|Any CPU
		{6FFA57D5-A090-4D52-9D70-22D2CBDD00B1}.Debug|Any CPU.Build.0 = Debug|Any CPU
		{6FFA57D5-A090-4D52-9D70-22D2CBDD00B1}.Release|Any CPU.ActiveCfg = Release|Any CPU
		{6FFA57D5-A090-4D52-9D70-22D2CBDD00B1}.Release|Any CPU.Build.0 = Release|Any CPU
		{D2FF6BD2-9756-4B05-B141-0847BBD15B78}.Debug|Any CPU.ActiveCfg = Debug|Any CPU
		{D2FF6BD2-9756-4B05-B141-0847BBD15B78}.Debug|Any CPU.Build.0 = Debug|Any CPU
		{D2FF6BD2-9756-4B05-B141-0847BBD15B78}.Release|Any CPU.ActiveCfg = Release|Any CPU
		{D2FF6BD2-9756-4B05-B141-0847BBD15B78}.Release|Any CPU.Build.0 = Release|Any CPU
		{852D88E2-28DD-44C9-AFD2-CFEB7A55DC77}.Debug|Any CPU.ActiveCfg = Debug|Any CPU
		{852D88E2-28DD-44C9-AFD2-CFEB7A55DC77}.Debug|Any CPU.Build.0 = Debug|Any CPU
		{852D88E2-28DD-44C9-AFD2-CFEB7A55DC77}.Release|Any CPU.ActiveCfg = Release|Any CPU
		{852D88E2-28DD-44C9-AFD2-CFEB7A55DC77}.Release|Any CPU.Build.0 = Release|Any CPU
		{AB6F1E0F-2931-4DDA-9886-10D565D5AEFB}.Debug|Any CPU.ActiveCfg = Debug|Any CPU
		{AB6F1E0F-2931-4DDA-9886-10D565D5AEFB}.Debug|Any CPU.Build.0 = Debug|Any CPU
		{AB6F1E0F-2931-4DDA-9886-10D565D5AEFB}.Release|Any CPU.ActiveCfg = Release|Any CPU
		{AB6F1E0F-2931-4DDA-9886-10D565D5AEFB}.Release|Any CPU.Build.0 = Release|Any CPU
		{17C51F98-933B-49BA-8092-9E07D2306285}.Debug|Any CPU.ActiveCfg = Debug|Any CPU
		{17C51F98-933B-49BA-8092-9E07D2306285}.Debug|Any CPU.Build.0 = Debug|Any CPU
		{17C51F98-933B-49BA-8092-9E07D2306285}.Release|Any CPU.ActiveCfg = Release|Any CPU
		{17C51F98-933B-49BA-8092-9E07D2306285}.Release|Any CPU.Build.0 = Release|Any CPU
		{5A85264F-DB9D-40A1-BF48-FBDF96CBE806}.Debug|Any CPU.ActiveCfg = Debug|Any CPU
		{5A85264F-DB9D-40A1-BF48-FBDF96CBE806}.Debug|Any CPU.Build.0 = Debug|Any CPU
		{5A85264F-DB9D-40A1-BF48-FBDF96CBE806}.Release|Any CPU.ActiveCfg = Release|Any CPU
		{5A85264F-DB9D-40A1-BF48-FBDF96CBE806}.Release|Any CPU.Build.0 = Release|Any CPU
		{976086DF-2FC5-41A8-9949-36E934DE7B50}.Debug|Any CPU.ActiveCfg = Debug|Any CPU
		{976086DF-2FC5-41A8-9949-36E934DE7B50}.Debug|Any CPU.Build.0 = Debug|Any CPU
		{976086DF-2FC5-41A8-9949-36E934DE7B50}.Release|Any CPU.ActiveCfg = Release|Any CPU
		{976086DF-2FC5-41A8-9949-36E934DE7B50}.Release|Any CPU.Build.0 = Release|Any CPU
		{1470BF8F-1579-4445-AF8F-F3EAF4066208}.Debug|Any CPU.ActiveCfg = Debug|Any CPU
		{1470BF8F-1579-4445-AF8F-F3EAF4066208}.Debug|Any CPU.Build.0 = Debug|Any CPU
		{1470BF8F-1579-4445-AF8F-F3EAF4066208}.Release|Any CPU.ActiveCfg = Release|Any CPU
		{1470BF8F-1579-4445-AF8F-F3EAF4066208}.Release|Any CPU.Build.0 = Release|Any CPU
		{2298E1B3-5E4E-4EA8-8E7E-271DAE4E69AC}.Debug|Any CPU.ActiveCfg = Debug|Any CPU
		{2298E1B3-5E4E-4EA8-8E7E-271DAE4E69AC}.Debug|Any CPU.Build.0 = Debug|Any CPU
		{2298E1B3-5E4E-4EA8-8E7E-271DAE4E69AC}.Release|Any CPU.ActiveCfg = Release|Any CPU
		{2298E1B3-5E4E-4EA8-8E7E-271DAE4E69AC}.Release|Any CPU.Build.0 = Release|Any CPU
		{FE9B9306-281B-4134-AA8F-B995F6098B91}.Debug|Any CPU.ActiveCfg = Debug|Any CPU
		{FE9B9306-281B-4134-AA8F-B995F6098B91}.Debug|Any CPU.Build.0 = Debug|Any CPU
		{FE9B9306-281B-4134-AA8F-B995F6098B91}.Release|Any CPU.ActiveCfg = Release|Any CPU
		{FE9B9306-281B-4134-AA8F-B995F6098B91}.Release|Any CPU.Build.0 = Release|Any CPU
		{EB22A6AE-5098-40CD-9A58-EF989075FB22}.Debug|Any CPU.ActiveCfg = Debug|Any CPU
		{EB22A6AE-5098-40CD-9A58-EF989075FB22}.Debug|Any CPU.Build.0 = Debug|Any CPU
		{EB22A6AE-5098-40CD-9A58-EF989075FB22}.Release|Any CPU.ActiveCfg = Release|Any CPU
		{EB22A6AE-5098-40CD-9A58-EF989075FB22}.Release|Any CPU.Build.0 = Release|Any CPU
		{80529BA6-79CA-46C3-820F-91195BAF4861}.Debug|Any CPU.ActiveCfg = Debug|Any CPU
		{80529BA6-79CA-46C3-820F-91195BAF4861}.Debug|Any CPU.Build.0 = Debug|Any CPU
		{80529BA6-79CA-46C3-820F-91195BAF4861}.Release|Any CPU.ActiveCfg = Release|Any CPU
		{80529BA6-79CA-46C3-820F-91195BAF4861}.Release|Any CPU.Build.0 = Release|Any CPU
		{BF78F38B-C142-4223-96AB-AD5A990155B9}.Debug|Any CPU.ActiveCfg = Debug|Any CPU
		{BF78F38B-C142-4223-96AB-AD5A990155B9}.Debug|Any CPU.Build.0 = Debug|Any CPU
		{BF78F38B-C142-4223-96AB-AD5A990155B9}.Release|Any CPU.ActiveCfg = Release|Any CPU
		{BF78F38B-C142-4223-96AB-AD5A990155B9}.Release|Any CPU.Build.0 = Release|Any CPU
		{9B65D1B2-F81E-4A8B-9F7B-6343D7F3E4CC}.Debug|Any CPU.ActiveCfg = Debug|Any CPU
		{9B65D1B2-F81E-4A8B-9F7B-6343D7F3E4CC}.Debug|Any CPU.Build.0 = Debug|Any CPU
		{9B65D1B2-F81E-4A8B-9F7B-6343D7F3E4CC}.Release|Any CPU.ActiveCfg = Release|Any CPU
		{9B65D1B2-F81E-4A8B-9F7B-6343D7F3E4CC}.Release|Any CPU.Build.0 = Release|Any CPU
		{721B7FFE-B749-4569-8CB4-A00C63E65F36}.Debug|Any CPU.ActiveCfg = Debug|Any CPU
		{721B7FFE-B749-4569-8CB4-A00C63E65F36}.Debug|Any CPU.Build.0 = Debug|Any CPU
		{721B7FFE-B749-4569-8CB4-A00C63E65F36}.Release|Any CPU.ActiveCfg = Release|Any CPU
		{721B7FFE-B749-4569-8CB4-A00C63E65F36}.Release|Any CPU.Build.0 = Release|Any CPU
		{2AEA3878-BB22-466D-8DB0-BB6CC3FC815A}.Debug|Any CPU.ActiveCfg = Debug|Any CPU
		{2AEA3878-BB22-466D-8DB0-BB6CC3FC815A}.Debug|Any CPU.Build.0 = Debug|Any CPU
		{2AEA3878-BB22-466D-8DB0-BB6CC3FC815A}.Release|Any CPU.ActiveCfg = Release|Any CPU
		{2AEA3878-BB22-466D-8DB0-BB6CC3FC815A}.Release|Any CPU.Build.0 = Release|Any CPU
		{62B0B88C-EE7B-499B-BAB0-29A64546A908}.Debug|Any CPU.ActiveCfg = Debug|Any CPU
		{62B0B88C-EE7B-499B-BAB0-29A64546A908}.Debug|Any CPU.Build.0 = Debug|Any CPU
		{62B0B88C-EE7B-499B-BAB0-29A64546A908}.Release|Any CPU.ActiveCfg = Release|Any CPU
		{62B0B88C-EE7B-499B-BAB0-29A64546A908}.Release|Any CPU.Build.0 = Release|Any CPU
		{DBF98E45-0656-4892-B9F5-4993FF3335AF}.Debug|Any CPU.ActiveCfg = Debug|Any CPU
		{DBF98E45-0656-4892-B9F5-4993FF3335AF}.Debug|Any CPU.Build.0 = Debug|Any CPU
		{DBF98E45-0656-4892-B9F5-4993FF3335AF}.Release|Any CPU.ActiveCfg = Release|Any CPU
		{DBF98E45-0656-4892-B9F5-4993FF3335AF}.Release|Any CPU.Build.0 = Release|Any CPU
		{D42780F4-B34E-4597-883E-114F8C915BE1}.Debug|Any CPU.ActiveCfg = Debug|Any CPU
		{D42780F4-B34E-4597-883E-114F8C915BE1}.Debug|Any CPU.Build.0 = Debug|Any CPU
		{D42780F4-B34E-4597-883E-114F8C915BE1}.Release|Any CPU.ActiveCfg = Release|Any CPU
		{D42780F4-B34E-4597-883E-114F8C915BE1}.Release|Any CPU.Build.0 = Release|Any CPU
		{BABC0403-BE4B-476C-99B2-C9592AC8C8D5}.Debug|Any CPU.ActiveCfg = Debug|Any CPU
		{BABC0403-BE4B-476C-99B2-C9592AC8C8D5}.Debug|Any CPU.Build.0 = Debug|Any CPU
		{BABC0403-BE4B-476C-99B2-C9592AC8C8D5}.Release|Any CPU.ActiveCfg = Release|Any CPU
		{BABC0403-BE4B-476C-99B2-C9592AC8C8D5}.Release|Any CPU.Build.0 = Release|Any CPU
		{B81EBB25-9A20-4699-9C7B-A9A4A1A6EC66}.Debug|Any CPU.ActiveCfg = Debug|Any CPU
		{B81EBB25-9A20-4699-9C7B-A9A4A1A6EC66}.Debug|Any CPU.Build.0 = Debug|Any CPU
		{B81EBB25-9A20-4699-9C7B-A9A4A1A6EC66}.Release|Any CPU.ActiveCfg = Release|Any CPU
		{B81EBB25-9A20-4699-9C7B-A9A4A1A6EC66}.Release|Any CPU.Build.0 = Release|Any CPU
		{71D7A3B0-9AE2-4F22-9C63-542709BD507A}.Debug|Any CPU.ActiveCfg = Debug|Any CPU
		{71D7A3B0-9AE2-4F22-9C63-542709BD507A}.Debug|Any CPU.Build.0 = Debug|Any CPU
		{71D7A3B0-9AE2-4F22-9C63-542709BD507A}.Release|Any CPU.ActiveCfg = Release|Any CPU
		{71D7A3B0-9AE2-4F22-9C63-542709BD507A}.Release|Any CPU.Build.0 = Release|Any CPU
		{87A8364A-74E6-4A71-8A88-1A4178CE9C02}.Debug|Any CPU.ActiveCfg = Debug|Any CPU
		{87A8364A-74E6-4A71-8A88-1A4178CE9C02}.Debug|Any CPU.Build.0 = Debug|Any CPU
		{87A8364A-74E6-4A71-8A88-1A4178CE9C02}.Release|Any CPU.ActiveCfg = Release|Any CPU
		{87A8364A-74E6-4A71-8A88-1A4178CE9C02}.Release|Any CPU.Build.0 = Release|Any CPU
	EndGlobalSection
	GlobalSection(SolutionProperties) = preSolution
		HideSolutionNode = FALSE
	EndGlobalSection
	GlobalSection(NestedProjects) = preSolution
		{87D4C146-AD22-466B-991E-26C355C9FB76} = {C5D14933-7D5B-4185-9B9F-38AB1A8A40E6}
		{8579CD34-8B4F-4578-AC53-1EA46A92A67E} = {C5D14933-7D5B-4185-9B9F-38AB1A8A40E6}
		{737E3BEB-47FA-43EA-8236-198151AA6758} = {C5D14933-7D5B-4185-9B9F-38AB1A8A40E6}
		{DAD069F0-4810-4F0C-8522-EA4AD0C499FD} = {C5D14933-7D5B-4185-9B9F-38AB1A8A40E6}
		{6FFA57D5-A090-4D52-9D70-22D2CBDD00B1} = {C5D14933-7D5B-4185-9B9F-38AB1A8A40E6}
		{D2FF6BD2-9756-4B05-B141-0847BBD15B78} = {C5D14933-7D5B-4185-9B9F-38AB1A8A40E6}
		{852D88E2-28DD-44C9-AFD2-CFEB7A55DC77} = {C5D14933-7D5B-4185-9B9F-38AB1A8A40E6}
		{AB6F1E0F-2931-4DDA-9886-10D565D5AEFB} = {C5D14933-7D5B-4185-9B9F-38AB1A8A40E6}
		{C5D14933-7D5B-4185-9B9F-38AB1A8A40E6} = {C69D878A-A37C-4DBD-8D90-8AF30074E3C0}
		{64D61A43-6570-4F17-BE2D-78CFF756EC24} = {C69D878A-A37C-4DBD-8D90-8AF30074E3C0}
		{17C51F98-933B-49BA-8092-9E07D2306285} = {64D61A43-6570-4F17-BE2D-78CFF756EC24}
		{5A85264F-DB9D-40A1-BF48-FBDF96CBE806} = {64D61A43-6570-4F17-BE2D-78CFF756EC24}
		{976086DF-2FC5-41A8-9949-36E934DE7B50} = {64D61A43-6570-4F17-BE2D-78CFF756EC24}
		{1470BF8F-1579-4445-AF8F-F3EAF4066208} = {64D61A43-6570-4F17-BE2D-78CFF756EC24}
		{2298E1B3-5E4E-4EA8-8E7E-271DAE4E69AC} = {64D61A43-6570-4F17-BE2D-78CFF756EC24}
		{FE9B9306-281B-4134-AA8F-B995F6098B91} = {64D61A43-6570-4F17-BE2D-78CFF756EC24}
		{EB22A6AE-5098-40CD-9A58-EF989075FB22} = {64D61A43-6570-4F17-BE2D-78CFF756EC24}
		{80529BA6-79CA-46C3-820F-91195BAF4861} = {64D61A43-6570-4F17-BE2D-78CFF756EC24}
		{BF78F38B-C142-4223-96AB-AD5A990155B9} = {64D61A43-6570-4F17-BE2D-78CFF756EC24}
		{0AD22DB5-C13F-4337-90FB-B68279786457} = {C69D878A-A37C-4DBD-8D90-8AF30074E3C0}
		{9B65D1B2-F81E-4A8B-9F7B-6343D7F3E4CC} = {0AD22DB5-C13F-4337-90FB-B68279786457}
		{721B7FFE-B749-4569-8CB4-A00C63E65F36} = {0AD22DB5-C13F-4337-90FB-B68279786457}
		{2AEA3878-BB22-466D-8DB0-BB6CC3FC815A} = {0AD22DB5-C13F-4337-90FB-B68279786457}
		{62B0B88C-EE7B-499B-BAB0-29A64546A908} = {0AD22DB5-C13F-4337-90FB-B68279786457}
		{DBF98E45-0656-4892-B9F5-4993FF3335AF} = {0AD22DB5-C13F-4337-90FB-B68279786457}
		{D42780F4-B34E-4597-883E-114F8C915BE1} = {0AD22DB5-C13F-4337-90FB-B68279786457}
		{BABC0403-BE4B-476C-99B2-C9592AC8C8D5} = {0AD22DB5-C13F-4337-90FB-B68279786457}
		{B81EBB25-9A20-4699-9C7B-A9A4A1A6EC66} = {2E903AB5-E882-49A7-A612-FCCB9F11D540}
		{71D7A3B0-9AE2-4F22-9C63-542709BD507A} = {2E903AB5-E882-49A7-A612-FCCB9F11D540}
		{87A8364A-74E6-4A71-8A88-1A4178CE9C02} = {2E903AB5-E882-49A7-A612-FCCB9F11D540}
	EndGlobalSection
	GlobalSection(ExtensibilityGlobals) = postSolution
		SolutionGuid = {77340858-04C1-4169-93A3-121A82FA6670}
	EndGlobalSection
EndGlobal
