
Microsoft Visual Studio Solution File, Format Version 12.00
# Visual Studio 14
VisualStudioVersion = 14.0.25420.1
MinimumVisualStudioVersion = 10.0.40219.1
Project("{2150E333-8FDC-42A3-9474-1A3956D46DE8}") = "src", "src", "{948DBB07-8D6A-42C2-9228-4953DD917280}"
EndProject
Project("{2150E333-8FDC-42A3-9474-1A3956D46DE8}") = "tests", "tests", "{7691CB4F-D19B-471D-B55B-633FF904C353}"
EndProject
Project("{8BB2217D-0F2D-49D1-97BC-3654ED321F3B}") = "FreecraftCore.Crypto.SRP6", "src\FreecraftCore.Crypto.SRP6\FreecraftCore.Crypto.SRP6.xproj", "{47F0CECE-02B2-44C8-B432-CB39FCED8A69}"
EndProject
Project("{8BB2217D-0F2D-49D1-97BC-3654ED321F3B}") = "FreecraftCore.Crypto.BigInteger", "src\FreecraftCore.Crypto.BigInteger\FreecraftCore.Crypto.BigInteger.xproj", "{9D4793F6-8256-4B85-BF83-EF5C6D9D30A7}"
EndProject
Project("{8BB2217D-0F2D-49D1-97BC-3654ED321F3B}") = "FreecraftCore.Crypto.Stream", "src\FreecraftCore.Crypto.Stream\FreecraftCore.Crypto.Stream.xproj", "{1F34CAE8-3B7F-476D-8FD9-F0BD0757C3A4}"
EndProject
Project("{FAE04EC0-301F-11D3-BF4B-00C04F79EFBC}") = "ARC4.ThirdParty.Tests", "test\ARC4.ThirdParty.Tests\ARC4.ThirdParty.Tests.csproj", "{B81EBB25-9A20-4699-9C7B-A9A4A1A6EC66}"
EndProject
Project("{8BB2217D-0F2D-49D1-97BC-3654ED321F3B}") = "FreecraftCore.Crypto.RC4", "src\FreecraftCore.Crypto.RC4\FreecraftCore.Crypto.RC4.xproj", "{3F939AE6-6D25-4B92-BDF8-1A4AD42DE5B5}"
EndProject
Project("{8BB2217D-0F2D-49D1-97BC-3654ED321F3B}") = "FreecraftCore.Crypto.Common", "src\FreecraftCore.Crypto.Common\FreecraftCore.Crypto.Common.xproj", "{A5B73A5E-AB50-4E8C-B560-4DF89D39EEA7}"
EndProject
Project("{8BB2217D-0F2D-49D1-97BC-3654ED321F3B}") = "FreecraftCore.Crypto.Packet", "src\FreecraftCore.Crypto.Packet\FreecraftCore.Crypto.Packet.xproj", "{CDBCCCEA-C532-4B78-BC5A-4520CF709F26}"
EndProject
Global
	GlobalSection(SolutionConfigurationPlatforms) = preSolution
		Debug|Any CPU = Debug|Any CPU
		Release|Any CPU = Release|Any CPU
	EndGlobalSection
	GlobalSection(ProjectConfigurationPlatforms) = postSolution
		{47F0CECE-02B2-44C8-B432-CB39FCED8A69}.Debug|Any CPU.ActiveCfg = Debug|Any CPU
		{47F0CECE-02B2-44C8-B432-CB39FCED8A69}.Debug|Any CPU.Build.0 = Debug|Any CPU
		{47F0CECE-02B2-44C8-B432-CB39FCED8A69}.Release|Any CPU.ActiveCfg = Release|Any CPU
		{47F0CECE-02B2-44C8-B432-CB39FCED8A69}.Release|Any CPU.Build.0 = Release|Any CPU
		{9D4793F6-8256-4B85-BF83-EF5C6D9D30A7}.Debug|Any CPU.ActiveCfg = Debug|Any CPU
		{9D4793F6-8256-4B85-BF83-EF5C6D9D30A7}.Debug|Any CPU.Build.0 = Debug|Any CPU
		{9D4793F6-8256-4B85-BF83-EF5C6D9D30A7}.Release|Any CPU.ActiveCfg = Release|Any CPU
		{9D4793F6-8256-4B85-BF83-EF5C6D9D30A7}.Release|Any CPU.Build.0 = Release|Any CPU
		{1F34CAE8-3B7F-476D-8FD9-F0BD0757C3A4}.Debug|Any CPU.ActiveCfg = Debug|Any CPU
		{1F34CAE8-3B7F-476D-8FD9-F0BD0757C3A4}.Debug|Any CPU.Build.0 = Debug|Any CPU
		{1F34CAE8-3B7F-476D-8FD9-F0BD0757C3A4}.Release|Any CPU.ActiveCfg = Release|Any CPU
		{1F34CAE8-3B7F-476D-8FD9-F0BD0757C3A4}.Release|Any CPU.Build.0 = Release|Any CPU
		{B81EBB25-9A20-4699-9C7B-A9A4A1A6EC66}.Debug|Any CPU.ActiveCfg = Debug|Any CPU
		{B81EBB25-9A20-4699-9C7B-A9A4A1A6EC66}.Debug|Any CPU.Build.0 = Debug|Any CPU
		{B81EBB25-9A20-4699-9C7B-A9A4A1A6EC66}.Release|Any CPU.ActiveCfg = Release|Any CPU
		{B81EBB25-9A20-4699-9C7B-A9A4A1A6EC66}.Release|Any CPU.Build.0 = Release|Any CPU
		{3F939AE6-6D25-4B92-BDF8-1A4AD42DE5B5}.Debug|Any CPU.ActiveCfg = Debug|Any CPU
		{3F939AE6-6D25-4B92-BDF8-1A4AD42DE5B5}.Debug|Any CPU.Build.0 = Debug|Any CPU
		{3F939AE6-6D25-4B92-BDF8-1A4AD42DE5B5}.Release|Any CPU.ActiveCfg = Release|Any CPU
		{3F939AE6-6D25-4B92-BDF8-1A4AD42DE5B5}.Release|Any CPU.Build.0 = Release|Any CPU
		{A5B73A5E-AB50-4E8C-B560-4DF89D39EEA7}.Debug|Any CPU.ActiveCfg = Debug|Any CPU
		{A5B73A5E-AB50-4E8C-B560-4DF89D39EEA7}.Debug|Any CPU.Build.0 = Debug|Any CPU
		{A5B73A5E-AB50-4E8C-B560-4DF89D39EEA7}.Release|Any CPU.ActiveCfg = Release|Any CPU
		{A5B73A5E-AB50-4E8C-B560-4DF89D39EEA7}.Release|Any CPU.Build.0 = Release|Any CPU
		{CDBCCCEA-C532-4B78-BC5A-4520CF709F26}.Debug|Any CPU.ActiveCfg = Debug|Any CPU
		{CDBCCCEA-C532-4B78-BC5A-4520CF709F26}.Debug|Any CPU.Build.0 = Debug|Any CPU
		{CDBCCCEA-C532-4B78-BC5A-4520CF709F26}.Release|Any CPU.ActiveCfg = Release|Any CPU
		{CDBCCCEA-C532-4B78-BC5A-4520CF709F26}.Release|Any CPU.Build.0 = Release|Any CPU
	EndGlobalSection
	GlobalSection(SolutionProperties) = preSolution
		HideSolutionNode = FALSE
	EndGlobalSection
	GlobalSection(NestedProjects) = preSolution
		{47F0CECE-02B2-44C8-B432-CB39FCED8A69} = {948DBB07-8D6A-42C2-9228-4953DD917280}
		{9D4793F6-8256-4B85-BF83-EF5C6D9D30A7} = {948DBB07-8D6A-42C2-9228-4953DD917280}
		{1F34CAE8-3B7F-476D-8FD9-F0BD0757C3A4} = {948DBB07-8D6A-42C2-9228-4953DD917280}
		{B81EBB25-9A20-4699-9C7B-A9A4A1A6EC66} = {7691CB4F-D19B-471D-B55B-633FF904C353}
		{3F939AE6-6D25-4B92-BDF8-1A4AD42DE5B5} = {948DBB07-8D6A-42C2-9228-4953DD917280}
		{A5B73A5E-AB50-4E8C-B560-4DF89D39EEA7} = {948DBB07-8D6A-42C2-9228-4953DD917280}
		{CDBCCCEA-C532-4B78-BC5A-4520CF709F26} = {948DBB07-8D6A-42C2-9228-4953DD917280}
	EndGlobalSection
EndGlobal
